Microsoft Visual Studio Solution File, Format Version 12.00
# Visual Studio Version 17
VisualStudioVersion = 17.5.2.0
MinimumVisualStudioVersion = 10.0.40219.1
Project("{FAE04EC0-301F-11D3-BF4B-00C04F79EFBC}") = "UrlShortener.Api", "UrlShortener.Api\UrlShortener.Api.csproj", "{FEF440F0-CF56-1FD5-FE1B-1B0F26F4DE9F}"
EndProject
Global
	GlobalSection(SolutionConfigurationPlatforms) = preSolution
		Debug|Any CPU = Debug|Any CPU
		Release|Any CPU = Release|Any CPU
	EndGlobalSection
	GlobalSection(ProjectConfigurationPlatforms) = postSolution
		{FEF440F0-CF56-1FD5-FE1B-1B0F26F4DE9F}.Debug|Any CPU.ActiveCfg = Debug|Any CPU
		{FEF440F0-CF56-1FD5-FE1B-1B0F26F4DE9F}.Debug|Any CPU.Build.0 = Debug|Any CPU
		{FEF440F0-CF56-1FD5-FE1B-1B0F26F4DE9F}.Release|Any CPU.ActiveCfg = Release|Any CPU
		{FEF440F0-CF56-1FD5-FE1B-1B0F26F4DE9F}.Release|Any CPU.Build.0 = Release|Any CPU
	EndGlobalSection
	GlobalSection(SolutionProperties) = preSolution
		HideSolutionNode = FALSE
	EndGlobalSection
	GlobalSection(ExtensibilityGlobals) = postSolution
		SolutionGuid = {C0182DEB-CDF6-42B9-9149-9082D08C87EC}
	EndGlobalSection
EndGlobal
